
Microsoft Visual Studio Solution File, Format Version 12.00
# Visual Studio 15
VisualStudioVersion = 15.0.28010.2041
MinimumVisualStudioVersion = 10.0.40219.1
Project("{FAE04EC0-301F-11D3-BF4B-00C04F79EFBC}") = "img2gif", "img2gif\img2gif.csproj", "{A86AA0B3-0370-44FA-8406-6F81E3194BEE}"
EndProject
Global
	GlobalSection(SolutionConfigurationPlatforms) = preSolution
		Debug|Any CPU = Debug|Any CPU
		Release|Any CPU = Release|Any CPU
	EndGlobalSection
	GlobalSection(ProjectConfigurationPlatforms) = postSolution
		{A86AA0B3-0370-44FA-8406-6F81E3194BEE}.Debug|Any CPU.ActiveCfg = Debug|Any CPU
		{A86AA0B3-0370-44FA-8406-6F81E3194BEE}.Debug|Any CPU.Build.0 = Debug|Any CPU
		{A86AA0B3-0370-44FA-8406-6F81E3194BEE}.Release|Any CPU.ActiveCfg = Release|Any CPU
		{A86AA0B3-0370-44FA-8406-6F81E3194BEE}.Release|Any CPU.Build.0 = Release|Any CPU
	EndGlobalSection
	GlobalSection(SolutionProperties) = preSolution
		HideSolutionNode = FALSE
	EndGlobalSection
	GlobalSection(ExtensibilityGlobals) = postSolution
		SolutionGuid = {22B8F0E1-9B2C-40B0-8B01-DE2AD35BAA42}
	EndGlobalSection
EndGlobal
